
Microsoft Visual Studio Solution File, Format Version 12.00
# Visual Studio Version 16
VisualStudioVersion = 16.0.32228.343
MinimumVisualStudioVersion = 10.0.40219.1
Project("{FAE04EC0-301F-11D3-BF4B-00C04F79EFBC}") = "ChocolateBars", "ChocolateBars\ChocolateBars.csproj", "{08651E0B-A224-47CC-9A8D-2FD519F91D4E}"
EndProject
Global
	GlobalSection(SolutionConfigurationPlatforms) = preSolution
		Debug|Any CPU = Debug|Any CPU
		Release|Any CPU = Release|Any CPU
	EndGlobalSection
	GlobalSection(ProjectConfigurationPlatforms) = postSolution
		{08651E0B-A224-47CC-9A8D-2FD519F91D4E}.Debug|Any CPU.ActiveCfg = Debug|Any CPU
		{08651E0B-A224-47CC-9A8D-2FD519F91D4E}.Debug|Any CPU.Build.0 = Debug|Any CPU
		{08651E0B-A224-47CC-9A8D-2FD519F91D4E}.Release|Any CPU.ActiveCfg = Release|Any CPU
		{08651E0B-A224-47CC-9A8D-2FD519F91D4E}.Release|Any CPU.Build.0 = Release|Any CPU
	EndGlobalSection
	GlobalSection(SolutionProperties) = preSolution
		HideSolutionNode = FALSE
	EndGlobalSection
	GlobalSection(ExtensibilityGlobals) = postSolution
		SolutionGuid = {488CFD93-A229-4B86-9E76-86523B0D3295}
	EndGlobalSection
EndGlobal
